
Microsoft Visual Studio Solution File, Format Version 12.00
# Visual Studio 15
VisualStudioVersion = 15.0.27428.2005
MinimumVisualStudioVersion = 10.0.40219.1
Project("{FAE04EC0-301F-11D3-BF4B-00C04F79EFBC}") = "netcoretodo", "netcoretodo\netcoretodo.csproj", "{90D714C5-3BDF-41A0-AA7C-E5BA6888A1DD}"
EndProject
Global
	GlobalSection(SolutionConfigurationPlatforms) = preSolution
		Debug|Any CPU = Debug|Any CPU
		Release|Any CPU = Release|Any CPU
	EndGlobalSection
	GlobalSection(ProjectConfigurationPlatforms) = postSolution
		{90D714C5-3BDF-41A0-AA7C-E5BA6888A1DD}.Debug|Any CPU.ActiveCfg = Debug|Any CPU
		{90D714C5-3BDF-41A0-AA7C-E5BA6888A1DD}.Debug|Any CPU.Build.0 = Debug|Any CPU
		{90D714C5-3BDF-41A0-AA7C-E5BA6888A1DD}.Release|Any CPU.ActiveCfg = Release|Any CPU
		{90D714C5-3BDF-41A0-AA7C-E5BA6888A1DD}.Release|Any CPU.Build.0 = Release|Any CPU
	EndGlobalSection
	GlobalSection(SolutionProperties) = preSolution
		HideSolutionNode = FALSE
	EndGlobalSection
	GlobalSection(ExtensibilityGlobals) = postSolution
		SolutionGuid = {3E7C7A39-5634-4FF8-88CF-142D56E8520D}
	EndGlobalSection
EndGlobal
